
Microsoft Visual Studio Solution File, Format Version 12.00
# Visual Studio 15
VisualStudioVersion = 15.0.27703.2047
MinimumVisualStudioVersion = 10.0.40219.1
Project("{FAE04EC0-301F-11D3-BF4B-00C04F79EFBC}") = "Klijent", "Klijent\Klijent.csproj", "{A3DC57D9-8B37-478C-ADD6-93CAB09A4168}"
EndProject
Project("{FAE04EC0-301F-11D3-BF4B-00C04F79EFBC}") = "Server", "Server\Server.csproj", "{39B155BB-B464-412A-A089-2FD34F99041E}"
EndProject
Project("{FAE04EC0-301F-11D3-BF4B-00C04F79EFBC}") = "Domen", "Domen\Domen.csproj", "{6140A6AA-6C96-4FA5-ABB2-1BE2295C8CF5}"
EndProject
Global
	GlobalSection(SolutionConfigurationPlatforms) = preSolution
		Debug|Any CPU = Debug|Any CPU
		Release|Any CPU = Release|Any CPU
	EndGlobalSection
	GlobalSection(ProjectConfigurationPlatforms) = postSolution
		{A3DC57D9-8B37-478C-ADD6-93CAB09A4168}.Debug|Any CPU.ActiveCfg = Debug|Any CPU
		{A3DC57D9-8B37-478C-ADD6-93CAB09A4168}.Debug|Any CPU.Build.0 = Debug|Any CPU
		{A3DC57D9-8B37-478C-ADD6-93CAB09A4168}.Release|Any CPU.ActiveCfg = Release|Any CPU
		{A3DC57D9-8B37-478C-ADD6-93CAB09A4168}.Release|Any CPU.Build.0 = Release|Any CPU
		{39B155BB-B464-412A-A089-2FD34F99041E}.Debug|Any CPU.ActiveCfg = Debug|Any CPU
		{39B155BB-B464-412A-A089-2FD34F99041E}.Debug|Any CPU.Build.0 = Debug|Any CPU
		{39B155BB-B464-412A-A089-2FD34F99041E}.Release|Any CPU.ActiveCfg = Release|Any CPU
		{39B155BB-B464-412A-A089-2FD34F99041E}.Release|Any CPU.Build.0 = Release|Any CPU
		{6140A6AA-6C96-4FA5-ABB2-1BE2295C8CF5}.Debug|Any CPU.ActiveCfg = Debug|Any CPU
		{6140A6AA-6C96-4FA5-ABB2-1BE2295C8CF5}.Debug|Any CPU.Build.0 = Debug|Any CPU
		{6140A6AA-6C96-4FA5-ABB2-1BE2295C8CF5}.Release|Any CPU.ActiveCfg = Release|Any CPU
		{6140A6AA-6C96-4FA5-ABB2-1BE2295C8CF5}.Release|Any CPU.Build.0 = Release|Any CPU
	EndGlobalSection
	GlobalSection(SolutionProperties) = preSolution
		HideSolutionNode = FALSE
	EndGlobalSection
	GlobalSection(ExtensibilityGlobals) = postSolution
		SolutionGuid = {EB25399B-EB6D-4EEE-80EF-3CDBAF9974DB}
	EndGlobalSection
EndGlobal
